
Microsoft Visual Studio Solution File, Format Version 12.00
# Visual Studio Version 16
VisualStudioVersion = 16.0.30523.141
MinimumVisualStudioVersion = 10.0.40219.1
Project("{FAE04EC0-301F-11D3-BF4B-00C04F79EFBC}") = "JSON", "JSON\JSON.csproj", "{C0D91976-2383-477D-9423-AC4C05BEF1CB}"
EndProject
Global
	GlobalSection(SolutionConfigurationPlatforms) = preSolution
		Debug|Any CPU = Debug|Any CPU
		Release|Any CPU = Release|Any CPU
	EndGlobalSection
	GlobalSection(ProjectConfigurationPlatforms) = postSolution
		{C0D91976-2383-477D-9423-AC4C05BEF1CB}.Debug|Any CPU.ActiveCfg = Debug|Any CPU
		{C0D91976-2383-477D-9423-AC4C05BEF1CB}.Debug|Any CPU.Build.0 = Debug|Any CPU
		{C0D91976-2383-477D-9423-AC4C05BEF1CB}.Release|Any CPU.ActiveCfg = Release|Any CPU
		{C0D91976-2383-477D-9423-AC4C05BEF1CB}.Release|Any CPU.Build.0 = Release|Any CPU
	EndGlobalSection
	GlobalSection(SolutionProperties) = preSolution
		HideSolutionNode = FALSE
	EndGlobalSection
	GlobalSection(ExtensibilityGlobals) = postSolution
		SolutionGuid = {1CA2C35D-C477-4552-997D-349D0948DF0D}
	EndGlobalSection
EndGlobal
